
Microsoft Visual Studio Solution File, Format Version 12.00
# Visual Studio Version 17
VisualStudioVersion = 17.7.34202.233
MinimumVisualStudioVersion = 10.0.40219.1
Project("{9A19103F-16F7-4668-BE54-9A1E7A4F7556}") = "Fatec.Rent.API", "Fatec.Rent.API\Fatec.Rent.API.csproj", "{58315950-0AFD-45C8-BAF9-F88F525D3735}"
EndProject
Project("{FAE04EC0-301F-11D3-BF4B-00C04F79EFBC}") = "Fatec.Rent.API.Test", "Fatec.Rent.API.Test\Fatec.Rent.API.Test.csproj", "{547F0FAF-66CF-4104-B1C9-36A4D8403AF0}"
EndProject
Global
	GlobalSection(SolutionConfigurationPlatforms) = preSolution
		Debug|Any CPU = Debug|Any CPU
		Release|Any CPU = Release|Any CPU
	EndGlobalSection
	GlobalSection(ProjectConfigurationPlatforms) = postSolution
		{58315950-0AFD-45C8-BAF9-F88F525D3735}.Debug|Any CPU.ActiveCfg = Debug|Any CPU
		{58315950-0AFD-45C8-BAF9-F88F525D3735}.Debug|Any CPU.Build.0 = Debug|Any CPU
		{58315950-0AFD-45C8-BAF9-F88F525D3735}.Release|Any CPU.ActiveCfg = Release|Any CPU
		{58315950-0AFD-45C8-BAF9-F88F525D3735}.Release|Any CPU.Build.0 = Release|Any CPU
		{547F0FAF-66CF-4104-B1C9-36A4D8403AF0}.Debug|Any CPU.ActiveCfg = Debug|Any CPU
		{547F0FAF-66CF-4104-B1C9-36A4D8403AF0}.Debug|Any CPU.Build.0 = Debug|Any CPU
		{547F0FAF-66CF-4104-B1C9-36A4D8403AF0}.Release|Any CPU.ActiveCfg = Release|Any CPU
		{547F0FAF-66CF-4104-B1C9-36A4D8403AF0}.Release|Any CPU.Build.0 = Release|Any CPU
	EndGlobalSection
	GlobalSection(SolutionProperties) = preSolution
		HideSolutionNode = FALSE
	EndGlobalSection
	GlobalSection(ExtensibilityGlobals) = postSolution
		SolutionGuid = {A7B5A4FF-9D03-4B64-AAE6-F776269100D6}
	EndGlobalSection
EndGlobal
